
Microsoft Visual Studio Solution File, Format Version 12.00
# Visual Studio Version 17
VisualStudioVersion = 17.0.31903.59
MinimumVisualStudioVersion = 10.0.40219.1
Project("{8BC9CEB8-8B4A-11D0-8D11-00A0C91BC942}") = "C++Code", "C++Code.vcxproj", "{1DDD4439-75C2-4EFF-B133-74C6A5E0BE3D}"
EndProject
Global
	GlobalSection(SolutionConfigurationPlatforms) = preSolution
		Debug|x64 = Debug|x64
		Debug|x86 = Debug|x86
		Release|x64 = Release|x64
		Release|x86 = Release|x86
	EndGlobalSection
	GlobalSection(ProjectConfigurationPlatforms) = postSolution
		{1DDD4439-75C2-4EFF-B133-74C6A5E0BE3D}.Debug|x64.ActiveCfg = Debug|x64
		{1DDD4439-75C2-4EFF-B133-74C6A5E0BE3D}.Debug|x64.Build.0 = Debug|x64
		{1DDD4439-75C2-4EFF-B133-74C6A5E0BE3D}.Debug|x86.ActiveCfg = Debug|Win32
		{1DDD4439-75C2-4EFF-B133-74C6A5E0BE3D}.Debug|x86.Build.0 = Debug|Win32
		{1DDD4439-75C2-4EFF-B133-74C6A5E0BE3D}.Release|x64.ActiveCfg = Release|x64
		{1DDD4439-75C2-4EFF-B133-74C6A5E0BE3D}.Release|x64.Build.0 = Release|x64
		{1DDD4439-75C2-4EFF-B133-74C6A5E0BE3D}.Release|x86.ActiveCfg = Release|Win32
		{1DDD4439-75C2-4EFF-B133-74C6A5E0BE3D}.Release|x86.Build.0 = Release|Win32
	EndGlobalSection
	GlobalSection(SolutionProperties) = preSolution
		HideSolutionNode = FALSE
	EndGlobalSection
	GlobalSection(ExtensibilityGlobals) = postSolution
		SolutionGuid = {57AECE59-A39F-43CE-B5DB-2D0C46AF6685}
	EndGlobalSection
EndGlobal
